
Microsoft Visual Studio Solution File, Format Version 12.00
# Visual Studio Version 17
VisualStudioVersion = 17.0.31903.59
MinimumVisualStudioVersion = 10.0.40219.1
Project("{2150E333-8FDC-42A3-9474-1A3956D46DE8}") = "src", "src", "{C63B14B4-60DA-4CF8-AB98-B6A5F1C09E0C}"
EndProject
Project("{FAE04EC0-301F-11D3-BF4B-00C04F79EFBC}") = "CarpeMomentum.Adapter", "src\CarpeMomentum.Adapter\CarpeMomentum.Adapter.csproj", "{D93F5915-10A8-4514-9EA1-F4C9CC59CBE2}"
EndProject
Global
	GlobalSection(SolutionConfigurationPlatforms) = preSolution
		Debug|Any CPU = Debug|Any CPU
		Release|Any CPU = Release|Any CPU
	EndGlobalSection
	GlobalSection(SolutionProperties) = preSolution
		HideSolutionNode = FALSE
	EndGlobalSection
	GlobalSection(ProjectConfigurationPlatforms) = postSolution
		{D93F5915-10A8-4514-9EA1-F4C9CC59CBE2}.Debug|Any CPU.ActiveCfg = Debug|Any CPU
		{D93F5915-10A8-4514-9EA1-F4C9CC59CBE2}.Debug|Any CPU.Build.0 = Debug|Any CPU
		{D93F5915-10A8-4514-9EA1-F4C9CC59CBE2}.Release|Any CPU.ActiveCfg = Release|Any CPU
		{D93F5915-10A8-4514-9EA1-F4C9CC59CBE2}.Release|Any CPU.Build.0 = Release|Any CPU
	EndGlobalSection
	GlobalSection(NestedProjects) = preSolution
		{D93F5915-10A8-4514-9EA1-F4C9CC59CBE2} = {C63B14B4-60DA-4CF8-AB98-B6A5F1C09E0C}
	EndGlobalSection
EndGlobal
